
Microsoft Visual Studio Solution File, Format Version 12.00
# Visual Studio Version 16
VisualStudioVersion = 16.0.32802.440
MinimumVisualStudioVersion = 10.0.40219.1
Project("{9A19103F-16F7-4668-BE54-9A1E7A4F7556}") = "RedSocial", "RedSocial.csproj", "{4F9A22C6-9BA9-4FC4-8D82-34583F11B953}"
EndProject
Global
	GlobalSection(SolutionConfigurationPlatforms) = preSolution
		Debug|Any CPU = Debug|Any CPU
		Release|Any CPU = Release|Any CPU
	EndGlobalSection
	GlobalSection(ProjectConfigurationPlatforms) = postSolution
		{4F9A22C6-9BA9-4FC4-8D82-34583F11B953}.Debug|Any CPU.ActiveCfg = Debug|Any CPU
		{4F9A22C6-9BA9-4FC4-8D82-34583F11B953}.Debug|Any CPU.Build.0 = Debug|Any CPU
		{4F9A22C6-9BA9-4FC4-8D82-34583F11B953}.Release|Any CPU.ActiveCfg = Release|Any CPU
		{4F9A22C6-9BA9-4FC4-8D82-34583F11B953}.Release|Any CPU.Build.0 = Release|Any CPU
	EndGlobalSection
	GlobalSection(SolutionProperties) = preSolution
		HideSolutionNode = FALSE
	EndGlobalSection
	GlobalSection(ExtensibilityGlobals) = postSolution
		SolutionGuid = {656169AE-D7D9-4362-AF71-5ED71C6F9609}
	EndGlobalSection
EndGlobal
